// !$*UTF8*$!
{
	archiveVersion = 1;
	classes = {
	};
	objectVersion = 56;
	objects = {

/* Begin PBXBuildFile section */
		0A053D0E29AF26EF00C2905C /* Network.swift in Sources */ = {isa = PBXBuildFile; fileRef = 0A053D0D29AF26EF00C2905C /* Network.swift */; };
		0A053D1429AF2C4300C2905C /* APIData.swift in Sources */ = {isa = PBXBuildFile; fileRef = 0A053D1329AF2C4300C2905C /* APIData.swift */; };
		0A15BAFD29B1A0A400C0A722 /* AnimeRankingSchema in Frameworks */ = {isa = PBXBuildFile; productRef = 0A15BAFC29B1A0A400C0A722 /* AnimeRankingSchema */; };
		0A1CB41E29ADB69300BB1EEE /* Apollo in Frameworks */ = {isa = PBXBuildFile; productRef = 0A1CB41D29ADB69300BB1EEE /* Apollo */; };
		0A1CB42129ADB75000BB1EEE /* schema.json in Resources */ = {isa = PBXBuildFile; fileRef = 0A1CB42029ADB75000BB1EEE /* schema.json */; };
		0A1CB42329ADB81000BB1EEE /* test.graphql in Resources */ = {isa = PBXBuildFile; fileRef = 0A1CB42229ADB81000BB1EEE /* test.graphql */; };
		0A3FEE7B29B068260098A72E /* AnimeTitles.graphql in Resources */ = {isa = PBXBuildFile; fileRef = 0A3FEE7A29B068260098A72E /* AnimeTitles.graphql */; };
		0A48C9E32A41E00700E93096 /* CurrentAnime.graphql in Resources */ = {isa = PBXBuildFile; fileRef = 0A48C9E22A41E00700E93096 /* CurrentAnime.graphql */; };
		0A53878B29B277FA00007971 /* Kingfisher in Frameworks */ = {isa = PBXBuildFile; productRef = 0A53878A29B277FA00007971 /* Kingfisher */; };
		0A5F877429BFAF6800B63C69 /* Apollo.swift in Sources */ = {isa = PBXBuildFile; fileRef = 0A5F877329BFAF6800B63C69 /* Apollo.swift */; };
		0AA90C7D2A4359060086DEA2 /* HomeViewModel.swift in Sources */ = {isa = PBXBuildFile; fileRef = 0AA90C7C2A4359060086DEA2 /* HomeViewModel.swift */; };
		0AA90C7F2A436AC50086DEA2 /* VListItemView.swift in Sources */ = {isa = PBXBuildFile; fileRef = 0AA90C7E2A436AC50086DEA2 /* VListItemView.swift */; };
		0AA90C812A436B0F0086DEA2 /* MediaCoverView.swift in Sources */ = {isa = PBXBuildFile; fileRef = 0AA90C802A436B0F0086DEA2 /* MediaCoverView.swift */; };
		0AA90C832A4391550086DEA2 /* MainPageView.swift in Sources */ = {isa = PBXBuildFile; fileRef = 0AA90C822A4391550086DEA2 /* MainPageView.swift */; };
		0AC5B89529AC2CE800BCED45 /* AnimeRankingApp.swift in Sources */ = {isa = PBXBuildFile; fileRef = 0AC5B89429AC2CE800BCED45 /* AnimeRankingApp.swift */; };
		0AC5B89729AC2CE800BCED45 /* AnimeListView.swift in Sources */ = {isa = PBXBuildFile; fileRef = 0AC5B89629AC2CE800BCED45 /* AnimeListView.swift */; };
		0AC5B89929AC2CEB00BCED45 /* Assets.xcassets in Resources */ = {isa = PBXBuildFile; fileRef = 0AC5B89829AC2CEB00BCED45 /* Assets.xcassets */; };
		0AC5B89C29AC2CEB00BCED45 /* Preview Assets.xcassets in Resources */ = {isa = PBXBuildFile; fileRef = 0AC5B89B29AC2CEB00BCED45 /* Preview Assets.xcassets */; };
		0AC5B8A529AC2ECB00BCED45 /* AnimeLibrary.swift in Sources */ = {isa = PBXBuildFile; fileRef = 0AC5B8A429AC2ECB00BCED45 /* AnimeLibrary.swift */; };
		0ACC7F5929C1154D00306261 /* SearchAnimeTitles.graphql in Resources */ = {isa = PBXBuildFile; fileRef = 0ACC7F5829C1154D00306261 /* SearchAnimeTitles.graphql */; };
/* End PBXBuildFile section */

/* Begin PBXFileReference section */
		0A053D0D29AF26EF00C2905C /* Network.swift */ = {isa = PBXFileReference; lastKnownFileType = sourcecode.swift; name = Network.swift; path = ../Apollo/Network.swift; sourceTree = "<group>"; };
		0A053D1329AF2C4300C2905C /* APIData.swift */ = {isa = PBXFileReference; lastKnownFileType = sourcecode.swift; path = APIData.swift; sourceTree = "<group>"; };
		0A053D1729AF2DD900C2905C /* AnimeRankingSchema */ = {isa = PBXFileReference; lastKnownFileType = wrapper; path = AnimeRankingSchema; sourceTree = "<group>"; };
		0A1CB42029ADB75000BB1EEE /* schema.json */ = {isa = PBXFileReference; fileEncoding = 4; lastKnownFileType = text.json; path = schema.json; sourceTree = "<group>"; };
		0A1CB42229ADB81000BB1EEE /* test.graphql */ = {isa = PBXFileReference; lastKnownFileType = text; path = test.graphql; sourceTree = "<group>"; };
		0A3FEE7A29B068260098A72E /* AnimeTitles.graphql */ = {isa = PBXFileReference; lastKnownFileType = text; path = AnimeTitles.graphql; sourceTree = "<group>"; };
		0A48C9E22A41E00700E93096 /* CurrentAnime.graphql */ = {isa = PBXFileReference; lastKnownFileType = text; path = CurrentAnime.graphql; sourceTree = "<group>"; };
		0A5F877329BFAF6800B63C69 /* Apollo.swift */ = {isa = PBXFileReference; lastKnownFileType = sourcecode.swift; path = Apollo.swift; sourceTree = "<group>"; };
		0AA90C7C2A4359060086DEA2 /* HomeViewModel.swift */ = {isa = PBXFileReference; lastKnownFileType = sourcecode.swift; path = HomeViewModel.swift; sourceTree = "<group>"; };
		0AA90C7E2A436AC50086DEA2 /* VListItemView.swift */ = {isa = PBXFileReference; lastKnownFileType = sourcecode.swift; path = VListItemView.swift; sourceTree = "<group>"; };
		0AA90C802A436B0F0086DEA2 /* MediaCoverView.swift */ = {isa = PBXFileReference; lastKnownFileType = sourcecode.swift; path = MediaCoverView.swift; sourceTree = "<group>"; };
		0AA90C822A4391550086DEA2 /* MainPageView.swift */ = {isa = PBXFileReference; lastKnownFileType = sourcecode.swift; path = MainPageView.swift; sourceTree = "<group>"; };
		0AC5B89129AC2CE800BCED45 /* AnimeRanking.app */ = {isa = PBXFileReference; explicitFileType = wrapper.application; includeInIndex = 0; path = AnimeRanking.app; sourceTree = BUILT_PRODUCTS_DIR; };
		0AC5B89429AC2CE800BCED45 /* AnimeRankingApp.swift */ = {isa = PBXFileReference; lastKnownFileType = sourcecode.swift; path = AnimeRankingApp.swift; sourceTree = "<group>"; };
		0AC5B89629AC2CE800BCED45 /* AnimeListView.swift */ = {isa = PBXFileReference; lastKnownFileType = sourcecode.swift; path = AnimeListView.swift; sourceTree = "<group>"; };
		0AC5B89829AC2CEB00BCED45 /* Assets.xcassets */ = {isa = PBXFileReference; lastKnownFileType = folder.assetcatalog; path = Assets.xcassets; sourceTree = "<group>"; };
		0AC5B89B29AC2CEB00BCED45 /* Preview Assets.xcassets */ = {isa = PBXFileReference; lastKnownFileType = folder.assetcatalog; path = "Preview Assets.xcassets"; sourceTree = "<group>"; };
		0AC5B8A429AC2ECB00BCED45 /* AnimeLibrary.swift */ = {isa = PBXFileReference; lastKnownFileType = sourcecode.swift; path = AnimeLibrary.swift; sourceTree = "<group>"; };
		0ACC7F5829C1154D00306261 /* SearchAnimeTitles.graphql */ = {isa = PBXFileReference; lastKnownFileType = text; path = SearchAnimeTitles.graphql; sourceTree = "<group>"; };
/* End PBXFileReference section */

/* Begin PBXFrameworksBuildPhase section */
		0AC5B88E29AC2CE800BCED45 /* Frameworks */ = {
			isa = PBXFrameworksBuildPhase;
			buildActionMask = 2147483647;
			files = (
				0A53878B29B277FA00007971 /* Kingfisher in Frameworks */,
				0A1CB41E29ADB69300BB1EEE /* Apollo in Frameworks */,
				0A15BAFD29B1A0A400C0A722 /* AnimeRankingSchema in Frameworks */,
			);
			runOnlyForDeploymentPostprocessing = 0;
		};
/* End PBXFrameworksBuildPhase section */

/* Begin PBXGroup section */
		0A053D0C29AF26D600C2905C /* Apollo */ = {
			isa = PBXGroup;
			children = (
				0A053D1329AF2C4300C2905C /* APIData.swift */,
				0A5F877329BFAF6800B63C69 /* Apollo.swift */,
			);
			path = Apollo;
			sourceTree = "<group>";
		};
		0A053D1629AF2DD900C2905C /* Packages */ = {
			isa = PBXGroup;
			children = (
				0A053D1729AF2DD900C2905C /* AnimeRankingSchema */,
			);
			name = Packages;
			sourceTree = "<group>";
		};
		0A1CB41F29ADB73C00BB1EEE /* GraphQL */ = {
			isa = PBXGroup;
			children = (
				0A1CB42029ADB75000BB1EEE /* schema.json */,
				0A1CB42229ADB81000BB1EEE /* test.graphql */,
				0A3FEE7A29B068260098A72E /* AnimeTitles.graphql */,
				0ACC7F5829C1154D00306261 /* SearchAnimeTitles.graphql */,
				0A48C9E22A41E00700E93096 /* CurrentAnime.graphql */,
			);
			path = GraphQL;
			sourceTree = "<group>";
		};
		0A53878129B2687E00007971 /* Network */ = {
			isa = PBXGroup;
			children = (
				0A053D0D29AF26EF00C2905C /* Network.swift */,
			);
			path = Network;
			sourceTree = "<group>";
		};
		0A5D70CB29AF2E4D0010B9FF /* Frameworks */ = {
			isa = PBXGroup;
			children = (
			);
			name = Frameworks;
			sourceTree = "<group>";
		};
		0AC5B88829AC2CE800BCED45 = {
			isa = PBXGroup;
			children = (
				0A053D1629AF2DD900C2905C /* Packages */,
				0AC5B89329AC2CE800BCED45 /* AnimeRanking */,
				0AC5B89229AC2CE800BCED45 /* Products */,
				0A5D70CB29AF2E4D0010B9FF /* Frameworks */,
			);
			sourceTree = "<group>";
		};
		0AC5B89229AC2CE800BCED45 /* Products */ = {
			isa = PBXGroup;
			children = (
				0AC5B89129AC2CE800BCED45 /* AnimeRanking.app */,
			);
			name = Products;
			sourceTree = "<group>";
		};
		0AC5B89329AC2CE800BCED45 /* AnimeRanking */ = {
			isa = PBXGroup;
			children = (
				0AC5B89429AC2CE800BCED45 /* AnimeRankingApp.swift */,
				0A53878129B2687E00007971 /* Network */,
				0A053D0C29AF26D600C2905C /* Apollo */,
				0A1CB41F29ADB73C00BB1EEE /* GraphQL */,
				0AC5B8A329AC2E9D00BCED45 /* Views */,
				0AC5B8A229AC2E9700BCED45 /* Models */,
				0AC5B89829AC2CEB00BCED45 /* Assets.xcassets */,
				0AC5B89A29AC2CEB00BCED45 /* Preview Content */,
			);
			path = AnimeRanking;
			sourceTree = "<group>";
		};
		0AC5B89A29AC2CEB00BCED45 /* Preview Content */ = {
			isa = PBXGroup;
			children = (
				0AC5B89B29AC2CEB00BCED45 /* Preview Assets.xcassets */,
			);
			path = "Preview Content";
			sourceTree = "<group>";
		};
		0AC5B8A229AC2E9700BCED45 /* Models */ = {
			isa = PBXGroup;
			children = (
				0AC5B8A429AC2ECB00BCED45 /* AnimeLibrary.swift */,
				0AA90C7C2A4359060086DEA2 /* HomeViewModel.swift */,
			);
			path = Models;
			sourceTree = "<group>";
		};
		0AC5B8A329AC2E9D00BCED45 /* Views */ = {
			isa = PBXGroup;
			children = (
				0AA90C822A4391550086DEA2 /* MainPageView.swift */,
				0AC5B89629AC2CE800BCED45 /* AnimeListView.swift */,
				0AA90C7E2A436AC50086DEA2 /* VListItemView.swift */,
				0AA90C802A436B0F0086DEA2 /* MediaCoverView.swift */,
			);
			path = Views;
			sourceTree = "<group>";
		};
/* End PBXGroup section */

/* Begin PBXNativeTarget section */
		0AC5B89029AC2CE800BCED45 /* AnimeRanking */ = {
			isa = PBXNativeTarget;
			buildConfigurationList = 0AC5B89F29AC2CEB00BCED45 /* Build configuration list for PBXNativeTarget "AnimeRanking" */;
			buildPhases = (
				0AC5B88D29AC2CE800BCED45 /* Sources */,
				0AC5B88E29AC2CE800BCED45 /* Frameworks */,
				0AC5B88F29AC2CE800BCED45 /* Resources */,
			);
			buildRules = (
			);
			dependencies = (
			);
			name = AnimeRanking;
			packageProductDependencies = (
				0A1CB41D29ADB69300BB1EEE /* Apollo */,
				0A15BAFC29B1A0A400C0A722 /* AnimeRankingSchema */,
				0A53878A29B277FA00007971 /* Kingfisher */,
			);
			productName = AnimeRanking;
			productReference = 0AC5B89129AC2CE800BCED45 /* AnimeRanking.app */;
			productType = "com.apple.product-type.application";
		};
/* End PBXNativeTarget section */

/* Begin PBXProject section */
		0AC5B88929AC2CE800BCED45 /* Project object */ = {
			isa = PBXProject;
			attributes = {
				BuildIndependentTargetsInParallel = 1;
				LastSwiftUpdateCheck = 1420;
				LastUpgradeCheck = 1420;
				TargetAttributes = {
					0AC5B89029AC2CE800BCED45 = {
						CreatedOnToolsVersion = 14.2;
					};
				};
			};
			buildConfigurationList = 0AC5B88C29AC2CE800BCED45 /* Build configuration list for PBXProject "AnimeRanking" */;
			compatibilityVersion = "Xcode 14.0";
			developmentRegion = en;
			hasScannedForEncodings = 0;
			knownRegions = (
				en,
				Base,
			);
			mainGroup = 0AC5B88829AC2CE800BCED45;
			packageReferences = (
				0A1CB41C29ADB69300BB1EEE /* XCRemoteSwiftPackageReference "apollo-ios" */,
				0A53878929B277F900007971 /* XCRemoteSwiftPackageReference "Kingfisher" */,
			);
			productRefGroup = 0AC5B89229AC2CE800BCED45 /* Products */;
			projectDirPath = "";
			projectRoot = "";
			targets = (
				0AC5B89029AC2CE800BCED45 /* AnimeRanking */,
			);
		};
/* End PBXProject section */

/* Begin PBXResourcesBuildPhase section */
		0AC5B88F29AC2CE800BCED45 /* Resources */ = {
			isa = PBXResourcesBuildPhase;
			buildActionMask = 2147483647;
			files = (
				0A3FEE7B29B068260098A72E /* AnimeTitles.graphql in Resources */,
				0ACC7F5929C1154D00306261 /* SearchAnimeTitles.graphql in Resources */,
				0A48C9E32A41E00700E93096 /* CurrentAnime.graphql in Resources */,
				0A1CB42329ADB81000BB1EEE /* test.graphql in Resources */,
				0AC5B89C29AC2CEB00BCED45 /* Preview Assets.xcassets in Resources */,
				0A1CB42129ADB75000BB1EEE /* schema.json in Resources */,
				0AC5B89929AC2CEB00BCED45 /* Assets.xcassets in Resources */,
			);
			runOnlyForDeploymentPostprocessing = 0;
		};
/* End PBXResourcesBuildPhase section */

/* Begin PBXSourcesBuildPhase section */
		0AC5B88D29AC2CE800BCED45 /* Sources */ = {
			isa = PBXSourcesBuildPhase;
			buildActionMask = 2147483647;
			files = (
				0AA90C7D2A4359060086DEA2 /* HomeViewModel.swift in Sources */,
				0AC5B89729AC2CE800BCED45 /* AnimeListView.swift in Sources */,
				0AA90C832A4391550086DEA2 /* MainPageView.swift in Sources */,
				0A053D1429AF2C4300C2905C /* APIData.swift in Sources */,
				0A5F877429BFAF6800B63C69 /* Apollo.swift in Sources */,
				0AA90C7F2A436AC50086DEA2 /* VListItemView.swift in Sources */,
				0AA90C812A436B0F0086DEA2 /* MediaCoverView.swift in Sources */,
				0AC5B8A529AC2ECB00BCED45 /* AnimeLibrary.swift in Sources */,
				0AC5B89529AC2CE800BCED45 /* AnimeRankingApp.swift in Sources */,
				0A053D0E29AF26EF00C2905C /* Network.swift in Sources */,
			);
			runOnlyForDeploymentPostprocessing = 0;
		};
/* End PBXSourcesBuildPhase section */

/* Begin XCBuildConfiguration section */
		0AC5B89D29AC2CEB00BCED45 /* Debug */ = {
			isa = XCBuildConfiguration;
			buildSettings = {
				ALWAYS_SEARCH_USER_PATHS = NO;
				CLANG_ANALYZER_NONNULL = YES;
				CLANG_ANALYZER_NUMBER_OBJECT_CONVERSION = YES_AGGRESSIVE;
				CLANG_CXX_LANGUAGE_STANDARD = "gnu++20";
				CLANG_ENABLE_MODULES = YES;
				CLANG_ENABLE_OBJC_ARC = YES;
				CLANG_ENABLE_OBJC_WEAK = YES;
				CLANG_WARN_BLOCK_CAPTURE_AUTORELEASING = YES;
				CLANG_WARN_BOOL_CONVERSION = YES;
				CLANG_WARN_COMMA = YES;
				CLANG_WARN_CONSTANT_CONVERSION = YES;
				CLANG_WARN_DEPRECATED_OBJC_IMPLEMENTATIONS = YES;
				CLANG_WARN_DIRECT_OBJC_ISA_USAGE = YES_ERROR;
				CLANG_WARN_DOCUMENTATION_COMMENTS = YES;
				CLANG_WARN_EMPTY_BODY = YES;
				CLANG_WARN_ENUM_CONVERSION = YES;
				CLANG_WARN_INFINITE_RECURSION = YES;
				CLANG_WARN_INT_CONVERSION = YES;
				CLANG_WARN_NON_LITERAL_NULL_CONVERSION = YES;
				CLANG_WARN_OBJC_IMPLICIT_RETAIN_SELF = YES;
				CLANG_WARN_OBJC_LITERAL_CONVERSION = YES;
				CLANG_WARN_OBJC_ROOT_CLASS = YES_ERROR;
				CLANG_WARN_QUOTED_INCLUDE_IN_FRAMEWORK_HEADER = YES;
				CLANG_WARN_RANGE_LOOP_ANALYSIS = YES;
				CLANG_WARN_STRICT_PROTOTYPES = YES;
				CLANG_WARN_SUSPICIOUS_MOVE = YES;
				CLANG_WARN_UNGUARDED_AVAILABILITY = YES_AGGRESSIVE;
				CLANG_WARN_UNREACHABLE_CODE = YES;
				CLANG_WARN__DUPLICATE_METHOD_MATCH = YES;
				COPY_PHASE_STRIP = NO;
				DEBUG_INFORMATION_FORMAT = dwarf;
				ENABLE_STRICT_OBJC_MSGSEND = YES;
				ENABLE_TESTABILITY = YES;
				GCC_C_LANGUAGE_STANDARD = gnu11;
				GCC_DYNAMIC_NO_PIC = NO;
				GCC_NO_COMMON_BLOCKS = YES;
				GCC_OPTIMIZATION_LEVEL = 0;
				GCC_PREPROCESSOR_DEFINITIONS = (
					"DEBUG=1",
					"$(inherited)",
				);
				GCC_WARN_64_TO_32_BIT_CONVERSION = YES;
				GCC_WARN_ABOUT_RETURN_TYPE = YES_ERROR;
				GCC_WARN_UNDECLARED_SELECTOR = YES;
				GCC_WARN_UNINITIALIZED_AUTOS = YES_AGGRESSIVE;
				GCC_WARN_UNUSED_FUNCTION = YES;
				GCC_WARN_UNUSED_VARIABLE = YES;
				IPHONEOS_DEPLOYMENT_TARGET = 16.2;
				MTL_ENABLE_DEBUG_INFO = INCLUDE_SOURCE;
				MTL_FAST_MATH = YES;
				ONLY_ACTIVE_ARCH = YES;
				SDKROOT = iphoneos;
				SWIFT_ACTIVE_COMPILATION_CONDITIONS = DEBUG;
				SWIFT_OPTIMIZATION_LEVEL = "-Onone";
			};
			name = Debug;
		};
		0AC5B89E29AC2CEB00BCED45 /* Release */ = {
			isa = XCBuildConfiguration;
			buildSettings = {
				ALWAYS_SEARCH_USER_PATHS = NO;
				CLANG_ANALYZER_NONNULL = YES;
				CLANG_ANALYZER_NUMBER_OBJECT_CONVERSION = YES_AGGRESSIVE;
				CLANG_CXX_LANGUAGE_STANDARD = "gnu++20";
				CLANG_ENABLE_MODULES = YES;
				CLANG_ENABLE_OBJC_ARC = YES;
				CLANG_ENABLE_OBJC_WEAK = YES;
				CLANG_WARN_BLOCK_CAPTURE_AUTORELEASING = YES;
				CLANG_WARN_BOOL_CONVERSION = YES;
				CLANG_WARN_COMMA = YES;
				CLANG_WARN_CONSTANT_CONVERSION = YES;
				CLANG_WARN_DEPRECATED_OBJC_IMPLEMENTATIONS = YES;
				CLANG_WARN_DIRECT_OBJC_ISA_USAGE = YES_ERROR;
				CLANG_WARN_DOCUMENTATION_COMMENTS = YES;
				CLANG_WARN_EMPTY_BODY = YES;
				CLANG_WARN_ENUM_CONVERSION = YES;
				CLANG_WARN_INFINITE_RECURSION = YES;
				CLANG_WARN_INT_CONVERSION = YES;
				CLANG_WARN_NON_LITERAL_NULL_CONVERSION = YES;
				CLANG_WARN_OBJC_IMPLICIT_RETAIN_SELF = YES;
				CLANG_WARN_OBJC_LITERAL_CONVERSION = YES;
				CLANG_WARN_OBJC_ROOT_CLASS = YES_ERROR;
				CLANG_WARN_QUOTED_INCLUDE_IN_FRAMEWORK_HEADER = YES;
				CLANG_WARN_RANGE_LOOP_ANALYSIS = YES;
				CLANG_WARN_STRICT_PROTOTYPES = YES;
				CLANG_WARN_SUSPICIOUS_MOVE = YES;
				CLANG_WARN_UNGUARDED_AVAILABILITY = YES_AGGRESSIVE;
				CLANG_WARN_UNREACHABLE_CODE = YES;
				CLANG_WARN__DUPLICATE_METHOD_MATCH = YES;
				COPY_PHASE_STRIP = NO;
				DEBUG_INFORMATION_FORMAT = "dwarf-with-dsym";
				ENABLE_NS_ASSERTIONS = NO;
				ENABLE_STRICT_OBJC_MSGSEND = YES;
				GCC_C_LANGUAGE_STANDARD = gnu11;
				GCC_NO_COMMON_BLOCKS = YES;
				GCC_WARN_64_TO_32_BIT_CONVERSION = YES;
				GCC_WARN_ABOUT_RETURN_TYPE = YES_ERROR;
				GCC_WARN_UNDECLARED_SELECTOR = YES;
				GCC_WARN_UNINITIALIZED_AUTOS = YES_AGGRESSIVE;
				GCC_WARN_UNUSED_FUNCTION = YES;
				GCC_WARN_UNUSED_VARIABLE = YES;
				IPHONEOS_DEPLOYMENT_TARGET = 16.2;
				MTL_ENABLE_DEBUG_INFO = NO;
				MTL_FAST_MATH = YES;
				SDKROOT = iphoneos;
				SWIFT_COMPILATION_MODE = wholemodule;
				SWIFT_OPTIMIZATION_LEVEL = "-O";
				VALIDATE_PRODUCT = YES;
			};
			name = Release;
		};
		0AC5B8A029AC2CEB00BCED45 /* Debug */ = {
			isa = XCBuildConfiguration;
			buildSettings = {
				ASSETCATALOG_COMPILER_APPICON_NAME = AppIcon;
				ASSETCATALOG_COMPILER_GLOBAL_ACCENT_COLOR_NAME = AccentColor;
				CODE_SIGN_STYLE = Automatic;
				CURRENT_PROJECT_VERSION = 1;
				DEVELOPMENT_ASSET_PATHS = "\"AnimeRanking/Preview Content\"";
				ENABLE_PREVIEWS = YES;
				GENERATE_INFOPLIST_FILE = YES;
				INFOPLIST_KEY_UIApplicationSceneManifest_Generation = YES;
				INFOPLIST_KEY_UIApplicationSupportsIndirectInputEvents = YES;
				INFOPLIST_KEY_UILaunchScreen_Generation = YES;
				INFOPLIST_KEY_UISupportedInterfaceOrientations_iPad = "UIInterfaceOrientationPortrait UIInterfaceOrientationPortraitUpsideDown UIInterfaceOrientationLandscapeLeft UIInterfaceOrientationLandscapeRight";
				INFOPLIST_KEY_UISupportedInterfaceOrientations_iPhone = "UIInterfaceOrientationPortrait UIInterfaceOrientationLandscapeLeft UIInterfaceOrientationLandscapeRight";
				LD_RUNPATH_SEARCH_PATHS = (
					"$(inherited)",
					"@executable_path/Frameworks",
				);
				MARKETING_VERSION = 1.0;
				PRODUCT_BUNDLE_IDENTIFIER = io.kevin.AnimeRanking;
				PRODUCT_NAME = "$(TARGET_NAME)";
				SWIFT_EMIT_LOC_STRINGS = YES;
				SWIFT_VERSION = 5.0;
				TARGETED_DEVICE_FAMILY = "1,2";
			};
			name = Debug;
		};
		0AC5B8A129AC2CEB00BCED45 /* Release */ = {
			isa = XCBuildConfiguration;
			buildSettings = {
				ASSETCATALOG_COMPILER_APPICON_NAME = AppIcon;
				ASSETCATALOG_COMPILER_GLOBAL_ACCENT_COLOR_NAME = AccentColor;
				CODE_SIGN_STYLE = Automatic;
				CURRENT_PROJECT_VERSION = 1;
				DEVELOPMENT_ASSET_PATHS = "\"AnimeRanking/Preview Content\"";
				ENABLE_PREVIEWS = YES;
				GENERATE_INFOPLIST_FILE = YES;
				INFOPLIST_KEY_UIApplicationSceneManifest_Generation = YES;
				INFOPLIST_KEY_UIApplicationSupportsIndirectInputEvents = YES;
				INFOPLIST_KEY_UILaunchScreen_Generation = YES;
				INFOPLIST_KEY_UISupportedInterfaceOrientations_iPad = "UIInterfaceOrientationPortrait UIInterfaceOrientationPortraitUpsideDown UIInterfaceOrientationLandscapeLeft UIInterfaceOrientationLandscapeRight";
				INFOPLIST_KEY_UISupportedInterfaceOrientations_iPhone = "UIInterfaceOrientationPortrait UIInterfaceOrientationLandscapeLeft UIInterfaceOrientationLandscapeRight";
				LD_RUNPATH_SEARCH_PATHS = (
					"$(inherited)",
					"@executable_path/Frameworks",
				);
				MARKETING_VERSION = 1.0;
				PRODUCT_BUNDLE_IDENTIFIER = io.kevin.AnimeRanking;
				PRODUCT_NAME = "$(TARGET_NAME)";
				SWIFT_EMIT_LOC_STRINGS = YES;
				SWIFT_VERSION = 5.0;
				TARGETED_DEVICE_FAMILY = "1,2";
			};
			name = Release;
		};
/* End XCBuildConfiguration section */

/* Begin XCConfigurationList section */
		0AC5B88C29AC2CE800BCED45 /* Build configuration list for PBXProject "AnimeRanking" */ = {
			isa = XCConfigurationList;
			buildConfigurations = (
				0AC5B89D29AC2CEB00BCED45 /* Debug */,
				0AC5B89E29AC2CEB00BCED45 /* Release */,
			);
			defaultConfigurationIsVisible = 0;
			defaultConfigurationName = Release;
		};
		0AC5B89F29AC2CEB00BCED45 /* Build configuration list for PBXNativeTarget "AnimeRanking" */ = {
			isa = XCConfigurationList;
			buildConfigurations = (
				0AC5B8A029AC2CEB00BCED45 /* Debug */,
				0AC5B8A129AC2CEB00BCED45 /* Release */,
			);
			defaultConfigurationIsVisible = 0;
			defaultConfigurationName = Release;
		};
/* End XCConfigurationList section */

/* Begin XCRemoteSwiftPackageReference section */
		0A1CB41C29ADB69300BB1EEE /* XCRemoteSwiftPackageReference "apollo-ios" */ = {
			isa = XCRemoteSwiftPackageReference;
			repositoryURL = "https://github.com/apollographql/apollo-ios.git";
			requirement = {
				kind = upToNextMajorVersion;
				minimumVersion = 1.0.0;
			};
		};
		0A53878929B277F900007971 /* XCRemoteSwiftPackageReference "Kingfisher" */ = {
			isa = XCRemoteSwiftPackageReference;
			repositoryURL = "https://github.com/onevcat/Kingfisher";
			requirement = {
				kind = upToNextMajorVersion;
				minimumVersion = 7.0.0;
			};
		};
/* End XCRemoteSwiftPackageReference section */

/* Begin XCSwiftPackageProductDependency section */
		0A15BAFC29B1A0A400C0A722 /* AnimeRankingSchema */ = {
			isa = XCSwiftPackageProductDependency;
			productName = AnimeRankingSchema;
		};
		0A1CB41D29ADB69300BB1EEE /* Apollo */ = {
			isa = XCSwiftPackageProductDependency;
			package = 0A1CB41C29ADB69300BB1EEE /* XCRemoteSwiftPackageReference "apollo-ios" */;
			productName = Apollo;
		};
		0A53878A29B277FA00007971 /* Kingfisher */ = {
			isa = XCSwiftPackageProductDependency;
			package = 0A53878929B277F900007971 /* XCRemoteSwiftPackageReference "Kingfisher" */;
			productName = Kingfisher;
		};
/* End XCSwiftPackageProductDependency section */
	};
	rootObject = 0AC5B88929AC2CE800BCED45 /* Project object */;
}
